Microsoft Visual Studio Solution File, Format Version 12.00
# Visual Studio 15
VisualStudioVersion = 15.0.28307.779
MinimumVisualStudioVersion = 10.0.40219.1
Project("{FAE04EC0-301F-11D3-BF4B-00C04F79EFBC}") = "RibbonGenerator", "RibbonGenerator\RibbonGenerator.csproj", "{7C88C713-78FF-4580-A32D-D9623F3AD2E4}"
EndProject
Project("{FAE04EC0-301F-11D3-BF4B-00C04F79EFBC}") = "RibbonGenerator.Console", "RibbonGenerator.Console\RibbonGenerator.Console.csproj", "{1E12E24D-CF2E-411D-8650-282DA9B864A9}"
EndProject
Project("{FAE04EC0-301F-11D3-BF4B-00C04F79EFBC}") = "RibbonGeneratorEx", "RibbonGeneratorEx\RibbonGeneratorEx.csproj", "{48EB6DB5-F933-4652-862B-E239318DE8DC}"
EndProject
Global
	GlobalSection(SolutionConfigurationPlatforms) = preSolution
		Debug|Any CPU = Debug|Any CPU
		Release|Any CPU = Release|Any CPU
	EndGlobalSection
	GlobalSection(ProjectConfigurationPlatforms) = postSolution
		{7C88C713-78FF-4580-A32D-D9623F3AD2E4}.Debug|Any CPU.ActiveCfg = Debug|Any CPU
		{7C88C713-78FF-4580-A32D-D9623F3AD2E4}.Debug|Any CPU.Build.0 = Debug|Any CPU
		{7C88C713-78FF-4580-A32D-D9623F3AD2E4}.Release|Any CPU.ActiveCfg = Release|Any CPU
		{7C88C713-78FF-4580-A32D-D9623F3AD2E4}.Release|Any CPU.Build.0 = Release|Any CPU
		{1E12E24D-CF2E-411D-8650-282DA9B864A9}.Debug|Any CPU.ActiveCfg = Debug|Any CPU
		{1E12E24D-CF2E-411D-8650-282DA9B864A9}.Debug|Any CPU.Build.0 = Debug|Any CPU
		{1E12E24D-CF2E-411D-8650-282DA9B864A9}.Release|Any CPU.ActiveCfg = Release|Any CPU
		{1E12E24D-CF2E-411D-8650-282DA9B864A9}.Release|Any CPU.Build.0 = Release|Any CPU
		{48EB6DB5-F933-4652-862B-E239318DE8DC}.Debug|Any CPU.ActiveCfg = Debug|Any CPU
		{48EB6DB5-F933-4652-862B-E239318DE8DC}.Debug|Any CPU.Build.0 = Debug|Any CPU
		{48EB6DB5-F933-4652-862B-E239318DE8DC}.Release|Any CPU.ActiveCfg = Release|Any CPU
		{48EB6DB5-F933-4652-862B-E239318DE8DC}.Release|Any CPU.Build.0 = Release|Any CPU
	EndGlobalSection
	GlobalSection(SolutionProperties) = preSolution
		HideSolutionNode = FALSE
	EndGlobalSection
	GlobalSection(ExtensibilityGlobals) = postSolution
		SolutionGuid = {A8824794-A8FB-4307-B861-233F9DB7D14C}
	EndGlobalSection
EndGlobal
