
Microsoft Visual Studio Solution File, Format Version 12.00
# Visual Studio Version 16
VisualStudioVersion = 16.0.29519.181
MinimumVisualStudioVersion = 10.0.40219.1
Project("{FAE04EC0-301F-11D3-BF4B-00C04F79EFBC}") = "RibbonGenerator", "RibbonGenerator\RibbonGeneratorCore.csproj", "{7C88C713-78FF-4580-A32D-D9623F3AD2E4}"
EndProject
Project("{FAE04EC0-301F-11D3-BF4B-00C04F79EFBC}") = "RibbonGenerator.Console", "RibbonGenerator.Console\RibbonGeneratorCore.Console.csproj", "{1E12E24D-CF2E-411D-8650-282DA9B864A9}"
	ProjectSection(ProjectDependencies) = postProject
		{7C88C713-78FF-4580-A32D-D9623F3AD2E4} = {7C88C713-78FF-4580-A32D-D9623F3AD2E4}
	EndProjectSection
EndProject
Global
	GlobalSection(SolutionConfigurationPlatforms) = preSolution
		Debug|Any CPU = Debug|Any CPU
		Release|Any CPU = Release|Any CPU
	EndGlobalSection
	GlobalSection(ProjectConfigurationPlatforms) = postSolution
		{7C88C713-78FF-4580-A32D-D9623F3AD2E4}.Debug|Any CPU.ActiveCfg = Debug|Any CPU
		{7C88C713-78FF-4580-A32D-D9623F3AD2E4}.Debug|Any CPU.Build.0 = Debug|Any CPU
		{7C88C713-78FF-4580-A32D-D9623F3AD2E4}.Release|Any CPU.ActiveCfg = Release|Any CPU
		{7C88C713-78FF-4580-A32D-D9623F3AD2E4}.Release|Any CPU.Build.0 = Release|Any CPU
		{1E12E24D-CF2E-411D-8650-282DA9B864A9}.Debug|Any CPU.ActiveCfg = Debug|Any CPU
		{1E12E24D-CF2E-411D-8650-282DA9B864A9}.Debug|Any CPU.Build.0 = Debug|Any CPU
		{1E12E24D-CF2E-411D-8650-282DA9B864A9}.Release|Any CPU.ActiveCfg = Release|Any CPU
		{1E12E24D-CF2E-411D-8650-282DA9B864A9}.Release|Any CPU.Build.0 = Release|Any CPU
	EndGlobalSection
	GlobalSection(SolutionProperties) = preSolution
		HideSolutionNode = FALSE
	EndGlobalSection
	GlobalSection(ExtensibilityGlobals) = postSolution
		SolutionGuid = {07BC03F0-DD68-4AFD-A5AD-8E10336D886F}
	EndGlobalSection
EndGlobal
