
Microsoft Visual Studio Solution File, Format Version 12.00
# Visual Studio Version 16
VisualStudioVersion = 16.0.29519.87
MinimumVisualStudioVersion = 10.0.40219.1
Project("{9A19103F-16F7-4668-BE54-9A1E7A4F7556}") = "Ribbon", "RibbonCore.csproj", "{DF35FACA-F8FB-4A65-BB91-D974DCB64115}"
EndProject
Global
	GlobalSection(SolutionConfigurationPlatforms) = preSolution
		Debug|Any CPU = Debug|Any CPU
		Release|Any CPU = Release|Any CPU
	EndGlobalSection
	GlobalSection(ProjectConfigurationPlatforms) = postSolution
		{DF35FACA-F8FB-4A65-BB91-D974DCB64115}.Debug|Any CPU.ActiveCfg = Debug|Any CPU
		{DF35FACA-F8FB-4A65-BB91-D974DCB64115}.Debug|Any CPU.Build.0 = Debug|Any CPU
		{DF35FACA-F8FB-4A65-BB91-D974DCB64115}.Release|Any CPU.ActiveCfg = Release|Any CPU
		{DF35FACA-F8FB-4A65-BB91-D974DCB64115}.Release|Any CPU.Build.0 = Release|Any CPU
	EndGlobalSection
	GlobalSection(SolutionProperties) = preSolution
		HideSolutionNode = FALSE
	EndGlobalSection
	GlobalSection(ExtensibilityGlobals) = postSolution
		SolutionGuid = {0224E390-F666-4020-A9F9-FB66FAD48D02}
	EndGlobalSection
EndGlobal
