
Microsoft Visual Studio Solution File, Format Version 12.00
# Visual Studio 15
VisualStudioVersion = 15.0.28307.852
MinimumVisualStudioVersion = 10.0.40219.1
Project("{FAE04EC0-301F-11D3-BF4B-00C04F79EFBC}") = "RibbonTools", "RibbonTools.csproj", "{9B642095-6E14-4B82-A6E7-707F44865520}"
EndProject
Global
	GlobalSection(SolutionConfigurationPlatforms) = preSolution
		Debug|Any CPU = Debug|Any CPU
		Release|Any CPU = Release|Any CPU
	EndGlobalSection
	GlobalSection(ProjectConfigurationPlatforms) = postSolution
		{9B642095-6E14-4B82-A6E7-707F44865520}.Debug|Any CPU.ActiveCfg = Debug|Any CPU
		{9B642095-6E14-4B82-A6E7-707F44865520}.Debug|Any CPU.Build.0 = Debug|Any CPU
		{9B642095-6E14-4B82-A6E7-707F44865520}.Release|Any CPU.ActiveCfg = Release|Any CPU
		{9B642095-6E14-4B82-A6E7-707F44865520}.Release|Any CPU.Build.0 = Release|Any CPU
	EndGlobalSection
	GlobalSection(SolutionProperties) = preSolution
		HideSolutionNode = FALSE
	EndGlobalSection
	GlobalSection(ExtensibilityGlobals) = postSolution
		SolutionGuid = {74A570DF-622F-4DBE-B99F-71A5919817CC}
	EndGlobalSection
EndGlobal
